
Microsoft Visual Studio Solution File, Format Version 12.00
# Visual Studio Version 17
VisualStudioVersion = 17.3.32901.215
MinimumVisualStudioVersion = 10.0.40219.1
Project("{9A19103F-16F7-4668-BE54-9A1E7A4F7556}") = "SimpleFactoryPattern", "SimpleFactoryPattern\SimpleFactoryPattern.csproj", "{7D5B2AE5-5C8A-4417-94FD-B4AC45B3DAE1}"
EndProject
Project("{9A19103F-16F7-4668-BE54-9A1E7A4F7556}") = "BigTalkDesignPattern.Tests", "BigTalkDesignPattern.Tests\BigTalkDesignPattern.Tests.csproj", "{DE0CCC7D-7EF8-4D5C-9F96-176301ADABF4}"
EndProject
Project("{9A19103F-16F7-4668-BE54-9A1E7A4F7556}") = "StrategyPattern", "StrategyPattern\StrategyPattern.csproj", "{D624DCAB-DCC6-44F1-B17D-36F97805737F}"
EndProject
Project("{9A19103F-16F7-4668-BE54-9A1E7A4F7556}") = "DecoratorPattern", "DecoratorPattern\DecoratorPattern.csproj", "{48CE305C-BBA4-436B-BF6D-F51FBF4FA2E8}"
EndProject
Project("{9A19103F-16F7-4668-BE54-9A1E7A4F7556}") = "PrototypePattern", "PrototypePattern\PrototypePattern.csproj", "{72A37B42-3E19-4C10-8159-8F5B9BF70CC0}"
EndProject
Project("{9A19103F-16F7-4668-BE54-9A1E7A4F7556}") = "BuilderPattern", "BuilderPattern\BuilderPattern.csproj", "{430D1A20-DCDC-4551-AB84-980C372927D6}"
EndProject
Project("{9A19103F-16F7-4668-BE54-9A1E7A4F7556}") = "ObserverPatternAndDelegate", "ObserverPatternAndDelegate\ObserverPatternAndDelegate.csproj", "{5D7DDE24-6AD4-4B24-A53A-B3B8644CD384}"
EndProject
Project("{9A19103F-16F7-4668-BE54-9A1E7A4F7556}") = "AbstractFactoryAndReflection", "AbstractFactoryAndReflection\AbstractFactoryAndReflection.csproj", "{127AB2AF-CF97-47F3-A950-8839F240EE04}"
EndProject
Project("{9A19103F-16F7-4668-BE54-9A1E7A4F7556}") = "AdapterPattern", "AdapterPattern\AdapterPattern.csproj", "{B1772AFA-174F-4E4C-ABD4-E9457CDB522F}"
EndProject
Project("{9A19103F-16F7-4668-BE54-9A1E7A4F7556}") = "StatePattern", "StatePattern\StatePattern.csproj", "{3C80E51F-261C-4E50-BB8B-3A54EFB4008D}"
EndProject
Project("{9A19103F-16F7-4668-BE54-9A1E7A4F7556}") = "MementoPattern", "MementoPattern\MementoPattern.csproj", "{9D092839-B28E-4F7C-BE3E-0FB51F0E09BB}"
EndProject
Project("{9A19103F-16F7-4668-BE54-9A1E7A4F7556}") = "ChainOfResponsibilityPattern", "ChainOfResponsibilityPattern\ChainOfResponsibilityPattern.csproj", "{8031DBE1-9BF2-4B2F-8AD1-B72F6821E8E2}"
EndProject
Project("{9A19103F-16F7-4668-BE54-9A1E7A4F7556}") = "MediatorPattern", "MediatorPattern\MediatorPattern.csproj", "{00EEAB94-87D0-47BC-97B1-9808E5E139E6}"
EndProject
Project("{9A19103F-16F7-4668-BE54-9A1E7A4F7556}") = "FlyweightPattern", "FlyweightPattern\FlyweightPattern.csproj", "{C6C2A5C2-CF0B-4468-8853-91F2C0CE0CBD}"
EndProject
Project("{9A19103F-16F7-4668-BE54-9A1E7A4F7556}") = "VisitorPattern", "VisitorPattern\VisitorPattern.csproj", "{DAC19EF1-8F74-4B18-82E4-387ECBAAF7B2}"
EndProject
Project("{9A19103F-16F7-4668-BE54-9A1E7A4F7556}") = "CommandPattern", "CommandPattern\CommandPattern.csproj", "{8F6457BB-A1A8-41E4-AC9B-FC0235706294}"
EndProject
Project("{2150E333-8FDC-42A3-9474-1A3956D46DE8}") = "RepositoryPattern", "RepositoryPattern", "{EE2A7D21-0977-45FF-8E16-5F3E97E593B9}"
EndProject
Project("{FAE04EC0-301F-11D3-BF4B-00C04F79EFBC}") = "RP.Web", "RP.Web\RP.Web.csproj", "{4DA9ABD2-44AE-48FB-9A88-E72C599E29C1}"
EndProject
Project("{FAE04EC0-301F-11D3-BF4B-00C04F79EFBC}") = "RP.Domain", "RP.Domain\RP.Domain.csproj", "{366F6AFE-1F28-4CBB-8CA6-8D88BAA093CD}"
EndProject
Project("{FAE04EC0-301F-11D3-BF4B-00C04F79EFBC}") = "RP.DataAccess.EFCore", "RP.DataAccess.EFCore\RP.DataAccess.EFCore.csproj", "{0D498C22-3901-48B8-B692-B1129AA933C0}"
EndProject
Project("{FAE04EC0-301F-11D3-BF4B-00C04F79EFBC}") = "RP.Application", "RP.Application\RP.Application.csproj", "{1C6C2641-05CD-4520-B54B-C5F3443E8392}"
EndProject
Project("{2150E333-8FDC-42A3-9474-1A3956D46DE8}") = "src", "src", "{64C07891-CADB-455F-8678-9D99167AEC40}"
EndProject
Global
	GlobalSection(SolutionConfigurationPlatforms) = preSolution
		Debug|Any CPU = Debug|Any CPU
		Release|Any CPU = Release|Any CPU
	EndGlobalSection
	GlobalSection(ProjectConfigurationPlatforms) = postSolution
		{7D5B2AE5-5C8A-4417-94FD-B4AC45B3DAE1}.Debug|Any CPU.ActiveCfg = Debug|Any CPU
		{7D5B2AE5-5C8A-4417-94FD-B4AC45B3DAE1}.Debug|Any CPU.Build.0 = Debug|Any CPU
		{7D5B2AE5-5C8A-4417-94FD-B4AC45B3DAE1}.Release|Any CPU.ActiveCfg = Release|Any CPU
		{7D5B2AE5-5C8A-4417-94FD-B4AC45B3DAE1}.Release|Any CPU.Build.0 = Release|Any CPU
		{DE0CCC7D-7EF8-4D5C-9F96-176301ADABF4}.Debug|Any CPU.ActiveCfg = Debug|Any CPU
		{DE0CCC7D-7EF8-4D5C-9F96-176301ADABF4}.Debug|Any CPU.Build.0 = Debug|Any CPU
		{DE0CCC7D-7EF8-4D5C-9F96-176301ADABF4}.Release|Any CPU.ActiveCfg = Release|Any CPU
		{DE0CCC7D-7EF8-4D5C-9F96-176301ADABF4}.Release|Any CPU.Build.0 = Release|Any CPU
		{D624DCAB-DCC6-44F1-B17D-36F97805737F}.Debug|Any CPU.ActiveCfg = Debug|Any CPU
		{D624DCAB-DCC6-44F1-B17D-36F97805737F}.Debug|Any CPU.Build.0 = Debug|Any CPU
		{D624DCAB-DCC6-44F1-B17D-36F97805737F}.Release|Any CPU.ActiveCfg = Release|Any CPU
		{D624DCAB-DCC6-44F1-B17D-36F97805737F}.Release|Any CPU.Build.0 = Release|Any CPU
		{48CE305C-BBA4-436B-BF6D-F51FBF4FA2E8}.Debug|Any CPU.ActiveCfg = Debug|Any CPU
		{48CE305C-BBA4-436B-BF6D-F51FBF4FA2E8}.Debug|Any CPU.Build.0 = Debug|Any CPU
		{48CE305C-BBA4-436B-BF6D-F51FBF4FA2E8}.Release|Any CPU.ActiveCfg = Release|Any CPU
		{48CE305C-BBA4-436B-BF6D-F51FBF4FA2E8}.Release|Any CPU.Build.0 = Release|Any CPU
		{72A37B42-3E19-4C10-8159-8F5B9BF70CC0}.Debug|Any CPU.ActiveCfg = Debug|Any CPU
		{72A37B42-3E19-4C10-8159-8F5B9BF70CC0}.Debug|Any CPU.Build.0 = Debug|Any CPU
		{72A37B42-3E19-4C10-8159-8F5B9BF70CC0}.Release|Any CPU.ActiveCfg = Release|Any CPU
		{72A37B42-3E19-4C10-8159-8F5B9BF70CC0}.Release|Any CPU.Build.0 = Release|Any CPU
		{430D1A20-DCDC-4551-AB84-980C372927D6}.Debug|Any CPU.ActiveCfg = Debug|Any CPU
		{430D1A20-DCDC-4551-AB84-980C372927D6}.Debug|Any CPU.Build.0 = Debug|Any CPU
		{430D1A20-DCDC-4551-AB84-980C372927D6}.Release|Any CPU.ActiveCfg = Release|Any CPU
		{430D1A20-DCDC-4551-AB84-980C372927D6}.Release|Any CPU.Build.0 = Release|Any CPU
		{5D7DDE24-6AD4-4B24-A53A-B3B8644CD384}.Debug|Any CPU.ActiveCfg = Debug|Any CPU
		{5D7DDE24-6AD4-4B24-A53A-B3B8644CD384}.Debug|Any CPU.Build.0 = Debug|Any CPU
		{5D7DDE24-6AD4-4B24-A53A-B3B8644CD384}.Release|Any CPU.ActiveCfg = Release|Any CPU
		{5D7DDE24-6AD4-4B24-A53A-B3B8644CD384}.Release|Any CPU.Build.0 = Release|Any CPU
		{127AB2AF-CF97-47F3-A950-8839F240EE04}.Debug|Any CPU.ActiveCfg = Debug|Any CPU
		{127AB2AF-CF97-47F3-A950-8839F240EE04}.Debug|Any CPU.Build.0 = Debug|Any CPU
		{127AB2AF-CF97-47F3-A950-8839F240EE04}.Release|Any CPU.ActiveCfg = Release|Any CPU
		{127AB2AF-CF97-47F3-A950-8839F240EE04}.Release|Any CPU.Build.0 = Release|Any CPU
		{B1772AFA-174F-4E4C-ABD4-E9457CDB522F}.Debug|Any CPU.ActiveCfg = Debug|Any CPU
		{B1772AFA-174F-4E4C-ABD4-E9457CDB522F}.Debug|Any CPU.Build.0 = Debug|Any CPU
		{B1772AFA-174F-4E4C-ABD4-E9457CDB522F}.Release|Any CPU.ActiveCfg = Release|Any CPU
		{B1772AFA-174F-4E4C-ABD4-E9457CDB522F}.Release|Any CPU.Build.0 = Release|Any CPU
		{3C80E51F-261C-4E50-BB8B-3A54EFB4008D}.Debug|Any CPU.ActiveCfg = Debug|Any CPU
		{3C80E51F-261C-4E50-BB8B-3A54EFB4008D}.Debug|Any CPU.Build.0 = Debug|Any CPU
		{3C80E51F-261C-4E50-BB8B-3A54EFB4008D}.Release|Any CPU.ActiveCfg = Release|Any CPU
		{3C80E51F-261C-4E50-BB8B-3A54EFB4008D}.Release|Any CPU.Build.0 = Release|Any CPU
		{9D092839-B28E-4F7C-BE3E-0FB51F0E09BB}.Debug|Any CPU.ActiveCfg = Debug|Any CPU
		{9D092839-B28E-4F7C-BE3E-0FB51F0E09BB}.Debug|Any CPU.Build.0 = Debug|Any CPU
		{9D092839-B28E-4F7C-BE3E-0FB51F0E09BB}.Release|Any CPU.ActiveCfg = Release|Any CPU
		{9D092839-B28E-4F7C-BE3E-0FB51F0E09BB}.Release|Any CPU.Build.0 = Release|Any CPU
		{8031DBE1-9BF2-4B2F-8AD1-B72F6821E8E2}.Debug|Any CPU.ActiveCfg = Debug|Any CPU
		{8031DBE1-9BF2-4B2F-8AD1-B72F6821E8E2}.Debug|Any CPU.Build.0 = Debug|Any CPU
		{8031DBE1-9BF2-4B2F-8AD1-B72F6821E8E2}.Release|Any CPU.ActiveCfg = Release|Any CPU
		{8031DBE1-9BF2-4B2F-8AD1-B72F6821E8E2}.Release|Any CPU.Build.0 = Release|Any CPU
		{00EEAB94-87D0-47BC-97B1-9808E5E139E6}.Debug|Any CPU.ActiveCfg = Debug|Any CPU
		{00EEAB94-87D0-47BC-97B1-9808E5E139E6}.Debug|Any CPU.Build.0 = Debug|Any CPU
		{00EEAB94-87D0-47BC-97B1-9808E5E139E6}.Release|Any CPU.ActiveCfg = Release|Any CPU
		{00EEAB94-87D0-47BC-97B1-9808E5E139E6}.Release|Any CPU.Build.0 = Release|Any CPU
		{C6C2A5C2-CF0B-4468-8853-91F2C0CE0CBD}.Debug|Any CPU.ActiveCfg = Debug|Any CPU
		{C6C2A5C2-CF0B-4468-8853-91F2C0CE0CBD}.Debug|Any CPU.Build.0 = Debug|Any CPU
		{C6C2A5C2-CF0B-4468-8853-91F2C0CE0CBD}.Release|Any CPU.ActiveCfg = Release|Any CPU
		{C6C2A5C2-CF0B-4468-8853-91F2C0CE0CBD}.Release|Any CPU.Build.0 = Release|Any CPU
		{DAC19EF1-8F74-4B18-82E4-387ECBAAF7B2}.Debug|Any CPU.ActiveCfg = Debug|Any CPU
		{DAC19EF1-8F74-4B18-82E4-387ECBAAF7B2}.Debug|Any CPU.Build.0 = Debug|Any CPU
		{DAC19EF1-8F74-4B18-82E4-387ECBAAF7B2}.Release|Any CPU.ActiveCfg = Release|Any CPU
		{DAC19EF1-8F74-4B18-82E4-387ECBAAF7B2}.Release|Any CPU.Build.0 = Release|Any CPU
		{8F6457BB-A1A8-41E4-AC9B-FC0235706294}.Debug|Any CPU.ActiveCfg = Debug|Any CPU
		{8F6457BB-A1A8-41E4-AC9B-FC0235706294}.Debug|Any CPU.Build.0 = Debug|Any CPU
		{8F6457BB-A1A8-41E4-AC9B-FC0235706294}.Release|Any CPU.ActiveCfg = Release|Any CPU
		{8F6457BB-A1A8-41E4-AC9B-FC0235706294}.Release|Any CPU.Build.0 = Release|Any CPU
		{4DA9ABD2-44AE-48FB-9A88-E72C599E29C1}.Debug|Any CPU.ActiveCfg = Debug|Any CPU
		{4DA9ABD2-44AE-48FB-9A88-E72C599E29C1}.Debug|Any CPU.Build.0 = Debug|Any CPU
		{4DA9ABD2-44AE-48FB-9A88-E72C599E29C1}.Release|Any CPU.ActiveCfg = Release|Any CPU
		{4DA9ABD2-44AE-48FB-9A88-E72C599E29C1}.Release|Any CPU.Build.0 = Release|Any CPU
		{366F6AFE-1F28-4CBB-8CA6-8D88BAA093CD}.Debug|Any CPU.ActiveCfg = Debug|Any CPU
		{366F6AFE-1F28-4CBB-8CA6-8D88BAA093CD}.Debug|Any CPU.Build.0 = Debug|Any CPU
		{366F6AFE-1F28-4CBB-8CA6-8D88BAA093CD}.Release|Any CPU.ActiveCfg = Release|Any CPU
		{366F6AFE-1F28-4CBB-8CA6-8D88BAA093CD}.Release|Any CPU.Build.0 = Release|Any CPU
		{0D498C22-3901-48B8-B692-B1129AA933C0}.Debug|Any CPU.ActiveCfg = Debug|Any CPU
		{0D498C22-3901-48B8-B692-B1129AA933C0}.Debug|Any CPU.Build.0 = Debug|Any CPU
		{0D498C22-3901-48B8-B692-B1129AA933C0}.Release|Any CPU.ActiveCfg = Release|Any CPU
		{0D498C22-3901-48B8-B692-B1129AA933C0}.Release|Any CPU.Build.0 = Release|Any CPU
		{1C6C2641-05CD-4520-B54B-C5F3443E8392}.Debug|Any CPU.ActiveCfg = Debug|Any CPU
		{1C6C2641-05CD-4520-B54B-C5F3443E8392}.Debug|Any CPU.Build.0 = Debug|Any CPU
		{1C6C2641-05CD-4520-B54B-C5F3443E8392}.Release|Any CPU.ActiveCfg = Release|Any CPU
		{1C6C2641-05CD-4520-B54B-C5F3443E8392}.Release|Any CPU.Build.0 = Release|Any CPU
	EndGlobalSection
	GlobalSection(SolutionProperties) = preSolution
		HideSolutionNode = FALSE
	EndGlobalSection
	GlobalSection(NestedProjects) = preSolution
		{4DA9ABD2-44AE-48FB-9A88-E72C599E29C1} = {64C07891-CADB-455F-8678-9D99167AEC40}
		{366F6AFE-1F28-4CBB-8CA6-8D88BAA093CD} = {64C07891-CADB-455F-8678-9D99167AEC40}
		{0D498C22-3901-48B8-B692-B1129AA933C0} = {64C07891-CADB-455F-8678-9D99167AEC40}
		{1C6C2641-05CD-4520-B54B-C5F3443E8392} = {64C07891-CADB-455F-8678-9D99167AEC40}
		{64C07891-CADB-455F-8678-9D99167AEC40} = {EE2A7D21-0977-45FF-8E16-5F3E97E593B9}
	EndGlobalSection
	GlobalSection(ExtensibilityGlobals) = postSolution
		SolutionGuid = {27976F63-EDF7-43D8-8FF1-734A8CA33613}
	EndGlobalSection
EndGlobal
